
Microsoft Visual Studio Solution File, Format Version 12.00
# Visual Studio 14
VisualStudioVersion = 14.0.25420.1
MinimumVisualStudioVersion = 10.0.40219.1
Project("{FAE04EC0-301F-11D3-BF4B-00C04F79EFBC}") = "Provider", "Provider\Provider.csproj", "{8B623337-B00A-465D-ABBA-36617C833C7D}"
EndProject
Project("{FAE04EC0-301F-11D3-BF4B-00C04F79EFBC}") = "Consumer", "Consumer\Consumer.csproj", "{65500ECD-0CA8-40A4-A4BB-D5DBA43DC92F}"
EndProject
Project("{FAE04EC0-301F-11D3-BF4B-00C04F79EFBC}") = "Infrastructure", "Infrastructure\Infrastructure.csproj", "{67F95946-A669-41AB-9DD7-ED1C768AF52D}"
EndProject
Project("{FAE04EC0-301F-11D3-BF4B-00C04F79EFBC}") = "Endpoint", "Endpoint\Endpoint.csproj", "{E838DAF0-1D4D-4A9D-AF3C-3002AD35D1C1}"
EndProject
Project("{FAE04EC0-301F-11D3-BF4B-00C04F79EFBC}") = "PerformanceComparisons", "PerformanceComparisons\PerformanceComparisons.csproj", "{E488E5A9-9B9C-4DAD-8480-73F269BF1083}"
EndProject
Project("{FAE04EC0-301F-11D3-BF4B-00C04F79EFBC}") = "HighLoadTracer", "HighLoadTracer\HighLoadTracer.csproj", "{4FF97A91-00B6-444A-B3CC-145E2A319497}"
EndProject
Project("{2150E333-8FDC-42A3-9474-1A3956D46DE8}") = "PerformanceAndLoadTests", "PerformanceAndLoadTests", "{2F885A1E-38EA-42A3-A969-B00B07C8D210}"
EndProject
Global
	GlobalSection(SolutionConfigurationPlatforms) = preSolution
		Debug|Any CPU = Debug|Any CPU
		Release|Any CPU = Release|Any CPU
	EndGlobalSection
	GlobalSection(ProjectConfigurationPlatforms) = postSolution
		{8B623337-B00A-465D-ABBA-36617C833C7D}.Debug|Any CPU.ActiveCfg = Debug|Any CPU
		{8B623337-B00A-465D-ABBA-36617C833C7D}.Debug|Any CPU.Build.0 = Debug|Any CPU
		{8B623337-B00A-465D-ABBA-36617C833C7D}.Release|Any CPU.ActiveCfg = Release|Any CPU
		{8B623337-B00A-465D-ABBA-36617C833C7D}.Release|Any CPU.Build.0 = Release|Any CPU
		{65500ECD-0CA8-40A4-A4BB-D5DBA43DC92F}.Debug|Any CPU.ActiveCfg = Debug|Any CPU
		{65500ECD-0CA8-40A4-A4BB-D5DBA43DC92F}.Debug|Any CPU.Build.0 = Debug|Any CPU
		{65500ECD-0CA8-40A4-A4BB-D5DBA43DC92F}.Release|Any CPU.ActiveCfg = Release|Any CPU
		{65500ECD-0CA8-40A4-A4BB-D5DBA43DC92F}.Release|Any CPU.Build.0 = Release|Any CPU
		{67F95946-A669-41AB-9DD7-ED1C768AF52D}.Debug|Any CPU.ActiveCfg = Debug|Any CPU
		{67F95946-A669-41AB-9DD7-ED1C768AF52D}.Debug|Any CPU.Build.0 = Debug|Any CPU
		{67F95946-A669-41AB-9DD7-ED1C768AF52D}.Release|Any CPU.ActiveCfg = Release|Any CPU
		{67F95946-A669-41AB-9DD7-ED1C768AF52D}.Release|Any CPU.Build.0 = Release|Any CPU
		{E838DAF0-1D4D-4A9D-AF3C-3002AD35D1C1}.Debug|Any CPU.ActiveCfg = Debug|Any CPU
		{E838DAF0-1D4D-4A9D-AF3C-3002AD35D1C1}.Debug|Any CPU.Build.0 = Debug|Any CPU
		{E838DAF0-1D4D-4A9D-AF3C-3002AD35D1C1}.Release|Any CPU.ActiveCfg = Release|Any CPU
		{E838DAF0-1D4D-4A9D-AF3C-3002AD35D1C1}.Release|Any CPU.Build.0 = Release|Any CPU
		{E488E5A9-9B9C-4DAD-8480-73F269BF1083}.Debug|Any CPU.ActiveCfg = Debug|Any CPU
		{E488E5A9-9B9C-4DAD-8480-73F269BF1083}.Debug|Any CPU.Build.0 = Debug|Any CPU
		{E488E5A9-9B9C-4DAD-8480-73F269BF1083}.Release|Any CPU.ActiveCfg = Release|Any CPU
		{E488E5A9-9B9C-4DAD-8480-73F269BF1083}.Release|Any CPU.Build.0 = Release|Any CPU
		{4FF97A91-00B6-444A-B3CC-145E2A319497}.Debug|Any CPU.ActiveCfg = Debug|Any CPU
		{4FF97A91-00B6-444A-B3CC-145E2A319497}.Debug|Any CPU.Build.0 = Debug|Any CPU
		{4FF97A91-00B6-444A-B3CC-145E2A319497}.Release|Any CPU.ActiveCfg = Release|Any CPU
		{4FF97A91-00B6-444A-B3CC-145E2A319497}.Release|Any CPU.Build.0 = Release|Any CPU
	EndGlobalSection
	GlobalSection(SolutionProperties) = preSolution
		HideSolutionNode = FALSE
	EndGlobalSection
	GlobalSection(NestedProjects) = preSolution
		{E488E5A9-9B9C-4DAD-8480-73F269BF1083} = {2F885A1E-38EA-42A3-A969-B00B07C8D210}
		{4FF97A91-00B6-444A-B3CC-145E2A319497} = {2F885A1E-38EA-42A3-A969-B00B07C8D210}
	EndGlobalSection
EndGlobal
